
Microsoft Visual Studio Solution File, Format Version 12.00
# Visual Studio 15
VisualStudioVersion = 15.0.28010.2048
MinimumVisualStudioVersion = 10.0.40219.1
Project("{FAE04EC0-301F-11D3-BF4B-00C04F79EFBC}") = "VentasSystemMvc", "VentasSystemMvc\VentasSystemMvc.csproj", "{ECE7E3DA-D5F8-430D-B371-83476150867B}"
EndProject
Global
	GlobalSection(SolutionConfigurationPlatforms) = preSolution
		Debug|Any CPU = Debug|Any CPU
		Release|Any CPU = Release|Any CPU
	EndGlobalSection
	GlobalSection(ProjectConfigurationPlatforms) = postSolution
		{ECE7E3DA-D5F8-430D-B371-83476150867B}.Debug|Any CPU.ActiveCfg = Debug|Any CPU
		{ECE7E3DA-D5F8-430D-B371-83476150867B}.Debug|Any CPU.Build.0 = Debug|Any CPU
		{ECE7E3DA-D5F8-430D-B371-83476150867B}.Release|Any CPU.ActiveCfg = Release|Any CPU
		{ECE7E3DA-D5F8-430D-B371-83476150867B}.Release|Any CPU.Build.0 = Release|Any CPU
	EndGlobalSection
	GlobalSection(SolutionProperties) = preSolution
		HideSolutionNode = FALSE
	EndGlobalSection
	GlobalSection(ExtensibilityGlobals) = postSolution
		SolutionGuid = {2E9EE046-AB5A-486E-A92F-11EB8E5505EA}
	EndGlobalSection
EndGlobal
